
Microsoft Visual Studio Solution File, Format Version 12.00
# Visual Studio Version 17
VisualStudioVersion = 17.14.37531.7 d17.14
MinimumVisualStudioVersion = 10.0.40219.1
Project("{FAE04EC0-301F-11D3-BF4B-00C04F79EFBC}") = "ExamManagement", "ExamManagement\ExamManagement.csproj", "{56DB3A13-F0B1-429F-8558-946F36F94DF7}"
EndProject
Global
	GlobalSection(SolutionConfigurationPlatforms) = preSolution
		Debug|Any CPU = Debug|Any CPU
		Release|Any CPU = Release|Any CPU
	EndGlobalSection
	GlobalSection(ProjectConfigurationPlatforms) = postSolution
		{56DB3A13-F0B1-429F-8558-946F36F94DF7}.Debug|Any CPU.ActiveCfg = Debug|Any CPU
		{56DB3A13-F0B1-429F-8558-946F36F94DF7}.Debug|Any CPU.Build.0 = Debug|Any CPU
		{56DB3A13-F0B1-429F-8558-946F36F94DF7}.Release|Any CPU.ActiveCfg = Release|Any CPU
		{56DB3A13-F0B1-429F-8558-946F36F94DF7}.Release|Any CPU.Build.0 = Release|Any CPU
	EndGlobalSection
	GlobalSection(SolutionProperties) = preSolution
		HideSolutionNode = FALSE
	EndGlobalSection
	GlobalSection(ExtensibilityGlobals) = postSolution
		SolutionGuid = {40E6DB62-B3E9-4DE6-B343-2E0859BB68F2}
	EndGlobalSection
EndGlobal
